
Microsoft Visual Studio Solution File, Format Version 12.00
# Visual Studio Version 17
VisualStudioVersion = 17.14.36327.8
MinimumVisualStudioVersion = 10.0.40219.1
Project("{FAE04EC0-301F-11D3-BF4B-00C04F79EFBC}") = "SystemMonitor.Core", "SystemMonitor.Core\SystemMonitor.Core.csproj", "{CC218AA4-3F49-4A18-8EE3-72C7AB06DD9B}"
EndProject
Project("{FAE04EC0-301F-11D3-BF4B-00C04F79EFBC}") = "SystemMonitor.Infrastructure", "SystemMonitor.Infrastructure\SystemMonitor.Infrastructure.csproj", "{AE23EE2B-EF42-472D-A828-41E62AF38384}"
EndProject
Project("{FAE04EC0-301F-11D3-BF4B-00C04F79EFBC}") = "SystemMonitor.App", "SystemMonitor.App\SystemMonitor.App.csproj", "{616F17B6-FB0C-4884-B2CF-2E0E9E9A385C}"
EndProject
Project("{FAE04EC0-301F-11D3-BF4B-00C04F79EFBC}") = "SystemMonitor.Tests", "SystemMonitor.Tests\SystemMonitor.Tests.csproj", "{D19BCA67-4F86-4C22-9AAE-53D212D35487}"
EndProject
Project("{2150E333-8FDC-42A3-9474-1A3956D46DE8}") = "Solution Items", "Solution Items", "{8EC462FD-D22E-90A8-E5CE-7E832BA40C5D}"
	ProjectSection(SolutionItems) = preProject
		Readme.md = Readme.md
	EndProjectSection
EndProject
Global
	GlobalSection(SolutionConfigurationPlatforms) = preSolution
		Debug|Any CPU = Debug|Any CPU
		Release|Any CPU = Release|Any CPU
	EndGlobalSection
	GlobalSection(ProjectConfigurationPlatforms) = postSolution
		{CC218AA4-3F49-4A18-8EE3-72C7AB06DD9B}.Debug|Any CPU.ActiveCfg = Debug|Any CPU
		{CC218AA4-3F49-4A18-8EE3-72C7AB06DD9B}.Debug|Any CPU.Build.0 = Debug|Any CPU
		{CC218AA4-3F49-4A18-8EE3-72C7AB06DD9B}.Release|Any CPU.ActiveCfg = Release|Any CPU
		{CC218AA4-3F49-4A18-8EE3-72C7AB06DD9B}.Release|Any CPU.Build.0 = Release|Any CPU
		{AE23EE2B-EF42-472D-A828-41E62AF38384}.Debug|Any CPU.ActiveCfg = Debug|Any CPU
		{AE23EE2B-EF42-472D-A828-41E62AF38384}.Debug|Any CPU.Build.0 = Debug|Any CPU
		{AE23EE2B-EF42-472D-A828-41E62AF38384}.Release|Any CPU.ActiveCfg = Release|Any CPU
		{AE23EE2B-EF42-472D-A828-41E62AF38384}.Release|Any CPU.Build.0 = Release|Any CPU
		{616F17B6-FB0C-4884-B2CF-2E0E9E9A385C}.Debug|Any CPU.ActiveCfg = Debug|Any CPU
		{616F17B6-FB0C-4884-B2CF-2E0E9E9A385C}.Debug|Any CPU.Build.0 = Debug|Any CPU
		{616F17B6-FB0C-4884-B2CF-2E0E9E9A385C}.Release|Any CPU.ActiveCfg = Release|Any CPU
		{616F17B6-FB0C-4884-B2CF-2E0E9E9A385C}.Release|Any CPU.Build.0 = Release|Any CPU
		{D19BCA67-4F86-4C22-9AAE-53D212D35487}.Debug|Any CPU.ActiveCfg = Debug|Any CPU
		{D19BCA67-4F86-4C22-9AAE-53D212D35487}.Debug|Any CPU.Build.0 = Debug|Any CPU
		{D19BCA67-4F86-4C22-9AAE-53D212D35487}.Release|Any CPU.ActiveCfg = Release|Any CPU
		{D19BCA67-4F86-4C22-9AAE-53D212D35487}.Release|Any CPU.Build.0 = Release|Any CPU
	EndGlobalSection
	GlobalSection(SolutionProperties) = preSolution
		HideSolutionNode = FALSE
	EndGlobalSection
	GlobalSection(ExtensibilityGlobals) = postSolution
		SolutionGuid = {E5B01A43-74BE-4F04-A90C-485B1F386A44}
	EndGlobalSection
EndGlobal
